Microsoft Visual Studio Solution File, Format Version 11.00
# Visual Studio 2010
Project("{FAE04EC0-301F-11D3-BF4B-00C04F79EFBC}") = "FubuMVC.HandlerConventions", "FubuMVC.HandlerConventions\FubuMVC.HandlerConventions.csproj", "{08C65E83-CEFB-4FA0-81C5-BBCA0BB94E6C}"
EndProject
Project("{FAE04EC0-301F-11D3-BF4B-00C04F79EFBC}") = "FubuMVC.HandlerConventions.Testing", "FubuMVC.HandlerConventions.Testing\FubuMVC.HandlerConventions.Testing.csproj", "{3E5C7412-7CE6-4209-825E-EC1C910A8563}"
EndProject
Global
	GlobalSection(SolutionConfigurationPlatforms) = preSolution
		Debug|Any CPU = Debug|Any CPU
		Release|Any CPU = Release|Any CPU
	EndGlobalSection
	GlobalSection(ProjectConfigurationPlatforms) = postSolution
		{08C65E83-CEFB-4FA0-81C5-BBCA0BB94E6C}.Debug|Any CPU.ActiveCfg = Debug|Any CPU
		{08C65E83-CEFB-4FA0-81C5-BBCA0BB94E6C}.Debug|Any CPU.Build.0 = Debug|Any CPU
		{08C65E83-CEFB-4FA0-81C5-BBCA0BB94E6C}.Release|Any CPU.ActiveCfg = Release|Any CPU
		{08C65E83-CEFB-4FA0-81C5-BBCA0BB94E6C}.Release|Any CPU.Build.0 = Release|Any CPU
		{3E5C7412-7CE6-4209-825E-EC1C910A8563}.Debug|Any CPU.ActiveCfg = Debug|Any CPU
		{3E5C7412-7CE6-4209-825E-EC1C910A8563}.Debug|Any CPU.Build.0 = Debug|Any CPU
		{3E5C7412-7CE6-4209-825E-EC1C910A8563}.Release|Any CPU.ActiveCfg = Release|Any CPU
		{3E5C7412-7CE6-4209-825E-EC1C910A8563}.Release|Any CPU.Build.0 = Release|Any CPU
	EndGlobalSection
	GlobalSection(SolutionProperties) = preSolution
		HideSolutionNode = FALSE
	EndGlobalSection
EndGlobal
